
Microsoft Visual Studio Solution File, Format Version 12.00
# Visual Studio Version 17
VisualStudioVersion = 17.0.31903.59
MinimumVisualStudioVersion = 10.0.40219.1
Project("{9A19103F-16F7-4668-BE54-9A1E7A4F7556}") = "NumOrdering", "NumOrdering\NumOrdering.csproj", "{10AE4DF1-960F-4194-8384-19C1B8E1DAE9}"
EndProject
Project("{FAE04EC0-301F-11D3-BF4B-00C04F79EFBC}") = "NumOrderingUnitTest", "NumOrderingUnitTest\NumOrderingUnitTest.csproj", "{211B937E-1182-400E-AE07-CE8E0D2ABF3C}"
EndProject
Global
	GlobalSection(SolutionConfigurationPlatforms) = preSolution
		Debug|Any CPU = Debug|Any CPU
		Release|Any CPU = Release|Any CPU
	EndGlobalSection
	GlobalSection(ProjectConfigurationPlatforms) = postSolution
		{10AE4DF1-960F-4194-8384-19C1B8E1DAE9}.Debug|Any CPU.ActiveCfg = Debug|Any CPU
		{10AE4DF1-960F-4194-8384-19C1B8E1DAE9}.Debug|Any CPU.Build.0 = Debug|Any CPU
		{10AE4DF1-960F-4194-8384-19C1B8E1DAE9}.Release|Any CPU.ActiveCfg = Release|Any CPU
		{10AE4DF1-960F-4194-8384-19C1B8E1DAE9}.Release|Any CPU.Build.0 = Release|Any CPU
		{211B937E-1182-400E-AE07-CE8E0D2ABF3C}.Debug|Any CPU.ActiveCfg = Debug|Any CPU
		{211B937E-1182-400E-AE07-CE8E0D2ABF3C}.Debug|Any CPU.Build.0 = Debug|Any CPU
		{211B937E-1182-400E-AE07-CE8E0D2ABF3C}.Release|Any CPU.ActiveCfg = Release|Any CPU
		{211B937E-1182-400E-AE07-CE8E0D2ABF3C}.Release|Any CPU.Build.0 = Release|Any CPU
	EndGlobalSection
	GlobalSection(SolutionProperties) = preSolution
		HideSolutionNode = FALSE
	EndGlobalSection
	GlobalSection(ExtensibilityGlobals) = postSolution
		SolutionGuid = {0DB37CFB-0D62-469C-9CFA-56343358563F}
	EndGlobalSection
EndGlobal
